// !$*UTF8*$!
{
	archiveVersion = 1;
	classes = {
	};
	objectVersion = 56;
	objects = {

/* Begin PBXBuildFile section */
		150318812ACF138F007A9F1A /* ScatUploadSuccessViewController.swift in Sources */ = {isa = PBXBuildFile; fileRef = 150318802ACF138F007A9F1A /* ScatUploadSuccessViewController.swift */; };
		1556E5532AD23CA1003D0CE2 /* LocationManager.swift in Sources */ = {isa = PBXBuildFile; fileRef = 1556E5522AD23CA1003D0CE2 /* LocationManager.swift */; };
		1556E5552AD24614003D0CE2 /* UIButton + Extension.swift in Sources */ = {isa = PBXBuildFile; fileRef = 1556E5542AD24614003D0CE2 /* UIButton + Extension.swift */; };
		158FD9362ADDA9EB0011492A /* ProtocolViewController.swift in Sources */ = {isa = PBXBuildFile; fileRef = 158FD9352ADDA9EB0011492A /* ProtocolViewController.swift */; };
		158FD9392ADDAA410011492A /* ProtocolTableViewCell.swift in Sources */ = {isa = PBXBuildFile; fileRef = 158FD9372ADDAA410011492A /* ProtocolTableViewCell.swift */; };
		158FD93A2ADDAA410011492A /* ProtocolTableViewCell.xib in Resources */ = {isa = PBXBuildFile; fileRef = 158FD9382ADDAA410011492A /* ProtocolTableViewCell.xib */; };
		158FD93C2ADDAF120011492A /* Constants.swift in Sources */ = {isa = PBXBuildFile; fileRef = 158FD93B2ADDAF120011492A /* Constants.swift */; };
		15BD85882AD4751600324D56 /* VerifyOTPViewController.swift in Sources */ = {isa = PBXBuildFile; fileRef = 15BD85872AD4751600324D56 /* VerifyOTPViewController.swift */; };
		15BD858C2AD480A200324D56 /* VerifyOtpViewModel.swift in Sources */ = {isa = PBXBuildFile; fileRef = 15BD858B2AD480A200324D56 /* VerifyOtpViewModel.swift */; };
		15BD858E2AD480BC00324D56 /* VerifyOtpResponseModel.swift in Sources */ = {isa = PBXBuildFile; fileRef = 15BD858D2AD480BC00324D56 /* VerifyOtpResponseModel.swift */; };
		15DCBE982ACE0D01001682DF /* AppDelegate.swift in Sources */ = {isa = PBXBuildFile; fileRef = 15DCBE972ACE0D01001682DF /* AppDelegate.swift */; };
		15DCBE9A2ACE0D01001682DF /* SceneDelegate.swift in Sources */ = {isa = PBXBuildFile; fileRef = 15DCBE992ACE0D01001682DF /* SceneDelegate.swift */; };
		15DCBEA42ACE0D03001682DF /* LaunchScreen.storyboard in Resources */ = {isa = PBXBuildFile; fileRef = 15DCBEA22ACE0D03001682DF /* LaunchScreen.storyboard */; };
		15DCBEAE2ACE0F15001682DF /* Main.storyboard in Resources */ = {isa = PBXBuildFile; fileRef = 15DCBEAD2ACE0F15001682DF /* Main.storyboard */; };
		15DCBEB02ACE12D2001682DF /* SignInViewController.swift in Sources */ = {isa = PBXBuildFile; fileRef = 15DCBEAF2ACE12D2001682DF /* SignInViewController.swift */; };
		15DCBEB22ACE138A001682DF /* Assets.xcassets in Resources */ = {isa = PBXBuildFile; fileRef = 15DCBEB12ACE138A001682DF /* Assets.xcassets */; };
		15DCBEB82ACE1482001682DF /* UploadKoalaSightViewController.swift in Sources */ = {isa = PBXBuildFile; fileRef = 15DCBEB72ACE1482001682DF /* UploadKoalaSightViewController.swift */; };
		15DCBEBC2ACE1815001682DF /* UplaodScattDetailsViewController.swift in Sources */ = {isa = PBXBuildFile; fileRef = 15DCBEBB2ACE1815001682DF /* UplaodScattDetailsViewController.swift */; };
		15DCBEC02ACE1C20001682DF /* HomeViewController.swift in Sources */ = {isa = PBXBuildFile; fileRef = 15DCBEBF2ACE1C20001682DF /* HomeViewController.swift */; };
		15DCBEC32ACE1CBE001682DF /* KoalaGallaryCollectionViewCell.xib in Resources */ = {isa = PBXBuildFile; fileRef = 15DCBEC12ACE1CBD001682DF /* KoalaGallaryCollectionViewCell.xib */; };
		15DCBEC42ACE1CBE001682DF /* KoalaGallaryCollectionViewCell.swift in Sources */ = {isa = PBXBuildFile; fileRef = 15DCBEC22ACE1CBE001682DF /* KoalaGallaryCollectionViewCell.swift */; };
		15DCBEC82ACE1D8E001682DF /* InfoViewController.swift in Sources */ = {isa = PBXBuildFile; fileRef = 15DCBEC72ACE1D8E001682DF /* InfoViewController.swift */; };
		15DCBECC2ACE2018001682DF /* ApiManager.swift in Sources */ = {isa = PBXBuildFile; fileRef = 15DCBECB2ACE2018001682DF /* ApiManager.swift */; };
		15DCBECF2ACE21F7001682DF /* SignInResponseModel.swift in Sources */ = {isa = PBXBuildFile; fileRef = 15DCBECE2ACE21F7001682DF /* SignInResponseModel.swift */; };
		15DCBED22ACE2C7C001682DF /* ViewModel.swift in Sources */ = {isa = PBXBuildFile; fileRef = 15DCBED12ACE2C7C001682DF /* ViewModel.swift */; };
		15DCBED52ACE32DB001682DF /* File.swift in Sources */ = {isa = PBXBuildFile; fileRef = 15DCBED42ACE32DB001682DF /* File.swift */; };
		15DCBED92ACE3596001682DF /* KoalaResponseModel.swift in Sources */ = {isa = PBXBuildFile; fileRef = 15DCBED82ACE3596001682DF /* KoalaResponseModel.swift */; };
		15DCBEDB2ACE35AF001682DF /* KoalaUplaodViewModel.swift in Sources */ = {isa = PBXBuildFile; fileRef = 15DCBEDA2ACE35AF001682DF /* KoalaUplaodViewModel.swift */; };
		15DCBEDE2ACE40A5001682DF /* KoalaScatResponseModel.swift in Sources */ = {isa = PBXBuildFile; fileRef = 15DCBEDD2ACE40A5001682DF /* KoalaScatResponseModel.swift */; };
		15DCBEE12ACE40E9001682DF /* KoalaScatUploadViewModel.swift in Sources */ = {isa = PBXBuildFile; fileRef = 15DCBEE02ACE40E9001682DF /* KoalaScatUploadViewModel.swift */; };
		15DCBEE72ACE4379001682DF /* SignUpViewController.swift in Sources */ = {isa = PBXBuildFile; fileRef = 15DCBEE62ACE4379001682DF /* SignUpViewController.swift */; };
		15DCBEE92ACE45EC001682DF /* SignUpViewModel.swift in Sources */ = {isa = PBXBuildFile; fileRef = 15DCBEE82ACE45EC001682DF /* SignUpViewModel.swift */; };
		15DCBEEB2ACE4798001682DF /* SignUpResponseModel.swift in Sources */ = {isa = PBXBuildFile; fileRef = 15DCBEEA2ACE4798001682DF /* SignUpResponseModel.swift */; };
/* End PBXBuildFile section */

/* Begin PBXFileReference section */
		150318802ACF138F007A9F1A /* ScatUploadSuccessViewController.swift */ = {isa = PBXFileReference; lastKnownFileType = sourcecode.swift; path = ScatUploadSuccessViewController.swift; sourceTree = "<group>"; };
		1556E5522AD23CA1003D0CE2 /* LocationManager.swift */ = {isa = PBXFileReference; lastKnownFileType = sourcecode.swift; path = LocationManager.swift; sourceTree = "<group>"; };
		1556E5542AD24614003D0CE2 /* UIButton + Extension.swift */ = {isa = PBXFileReference; lastKnownFileType = sourcecode.swift; path = "UIButton + Extension.swift"; sourceTree = "<group>"; };
		158FD9352ADDA9EB0011492A /* ProtocolViewController.swift */ = {isa = PBXFileReference; lastKnownFileType = sourcecode.swift; path = ProtocolViewController.swift; sourceTree = "<group>"; };
		158FD9372ADDAA410011492A /* ProtocolTableViewCell.swift */ = {isa = PBXFileReference; lastKnownFileType = sourcecode.swift; path = ProtocolTableViewCell.swift; sourceTree = "<group>"; };
		158FD9382ADDAA410011492A /* ProtocolTableViewCell.xib */ = {isa = PBXFileReference; lastKnownFileType = file.xib; path = ProtocolTableViewCell.xib; sourceTree = "<group>"; };
		158FD93B2ADDAF120011492A /* Constants.swift */ = {isa = PBXFileReference; lastKnownFileType = sourcecode.swift; path = Constants.swift; sourceTree = "<group>"; };
		15BD85872AD4751600324D56 /* VerifyOTPViewController.swift */ = {isa = PBXFileReference; lastKnownFileType = sourcecode.swift; path = VerifyOTPViewController.swift; sourceTree = "<group>"; };
		15BD858B2AD480A200324D56 /* VerifyOtpViewModel.swift */ = {isa = PBXFileReference; lastKnownFileType = sourcecode.swift; path = VerifyOtpViewModel.swift; sourceTree = "<group>"; };
		15BD858D2AD480BC00324D56 /* VerifyOtpResponseModel.swift */ = {isa = PBXFileReference; lastKnownFileType = sourcecode.swift; path = VerifyOtpResponseModel.swift; sourceTree = "<group>"; };
		15DCBE942ACE0D01001682DF /* Scatt Koala.app */ = {isa = PBXFileReference; explicitFileType = wrapper.application; includeInIndex = 0; path = "Scatt Koala.app"; sourceTree = BUILT_PRODUCTS_DIR; };
		15DCBE972ACE0D01001682DF /* AppDelegate.swift */ = {isa = PBXFileReference; lastKnownFileType = sourcecode.swift; path = AppDelegate.swift; sourceTree = "<group>"; };
		15DCBE992ACE0D01001682DF /* SceneDelegate.swift */ = {isa = PBXFileReference; lastKnownFileType = sourcecode.swift; path = SceneDelegate.swift; sourceTree = "<group>"; };
		15DCBEA32ACE0D03001682DF /* Base */ = {isa = PBXFileReference; lastKnownFileType = file.storyboard; name = Base; path = Base.lproj/LaunchScreen.storyboard; sourceTree = "<group>"; };
		15DCBEA52ACE0D03001682DF /* Info.plist */ = {isa = PBXFileReference; lastKnownFileType = text.plist.xml; path = Info.plist; sourceTree = "<group>"; };
		15DCBEAD2ACE0F15001682DF /* Main.storyboard */ = {isa = PBXFileReference; fileEncoding = 4; lastKnownFileType = file.storyboard; path = Main.storyboard; sourceTree = "<group>"; };
		15DCBEAF2ACE12D2001682DF /* SignInViewController.swift */ = {isa = PBXFileReference; lastKnownFileType = sourcecode.swift; path = SignInViewController.swift; sourceTree = "<group>"; };
		15DCBEB12ACE138A001682DF /* Assets.xcassets */ = {isa = PBXFileReference; lastKnownFileType = folder.assetcatalog; path = Assets.xcassets; sourceTree = "<group>"; };
		15DCBEB72ACE1482001682DF /* UploadKoalaSightViewController.swift */ = {isa = PBXFileReference; lastKnownFileType = sourcecode.swift; path = UploadKoalaSightViewController.swift; sourceTree = "<group>"; };
		15DCBEBB2ACE1815001682DF /* UplaodScattDetailsViewController.swift */ = {isa = PBXFileReference; lastKnownFileType = sourcecode.swift; path = UplaodScattDetailsViewController.swift; sourceTree = "<group>"; };
		15DCBEBF2ACE1C20001682DF /* HomeViewController.swift */ = {isa = PBXFileReference; lastKnownFileType = sourcecode.swift; path = HomeViewController.swift; sourceTree = "<group>"; };
		15DCBEC12ACE1CBD001682DF /* KoalaGallaryCollectionViewCell.xib */ = {isa = PBXFileReference; fileEncoding = 4; lastKnownFileType = file.xib; path = KoalaGallaryCollectionViewCell.xib; sourceTree = "<group>"; };
		15DCBEC22ACE1CBE001682DF /* KoalaGallaryCollectionViewCell.swift */ = {isa = PBXFileReference; fileEncoding = 4; lastKnownFileType = sourcecode.swift; path = KoalaGallaryCollectionViewCell.swift; sourceTree = "<group>"; };
		15DCBEC72ACE1D8E001682DF /* InfoViewController.swift */ = {isa = PBXFileReference; lastKnownFileType = sourcecode.swift; path = InfoViewController.swift; sourceTree = "<group>"; };
		15DCBECB2ACE2018001682DF /* ApiManager.swift */ = {isa = PBXFileReference; fileEncoding = 4; lastKnownFileType = sourcecode.swift; path = ApiManager.swift; sourceTree = "<group>"; };
		15DCBECE2ACE21F7001682DF /* SignInResponseModel.swift */ = {isa = PBXFileReference; lastKnownFileType = sourcecode.swift; path = SignInResponseModel.swift; sourceTree = "<group>"; };
		15DCBED12ACE2C7C001682DF /* ViewModel.swift */ = {isa = PBXFileReference; lastKnownFileType = sourcecode.swift; path = ViewModel.swift; sourceTree = "<group>"; };
		15DCBED42ACE32DB001682DF /* File.swift */ = {isa = PBXFileReference; lastKnownFileType = sourcecode.swift; path = File.swift; sourceTree = "<group>"; };
		15DCBED82ACE3596001682DF /* KoalaResponseModel.swift */ = {isa = PBXFileReference; lastKnownFileType = sourcecode.swift; path = KoalaResponseModel.swift; sourceTree = "<group>"; };
		15DCBEDA2ACE35AF001682DF /* KoalaUplaodViewModel.swift */ = {isa = PBXFileReference; lastKnownFileType = sourcecode.swift; path = KoalaUplaodViewModel.swift; sourceTree = "<group>"; };
		15DCBEDD2ACE40A5001682DF /* KoalaScatResponseModel.swift */ = {isa = PBXFileReference; lastKnownFileType = sourcecode.swift; path = KoalaScatResponseModel.swift; sourceTree = "<group>"; };
		15DCBEE02ACE40E9001682DF /* KoalaScatUploadViewModel.swift */ = {isa = PBXFileReference; lastKnownFileType = sourcecode.swift; path = KoalaScatUploadViewModel.swift; sourceTree = "<group>"; };
		15DCBEE62ACE4379001682DF /* SignUpViewController.swift */ = {isa = PBXFileReference; lastKnownFileType = sourcecode.swift; path = SignUpViewController.swift; sourceTree = "<group>"; };
		15DCBEE82ACE45EC001682DF /* SignUpViewModel.swift */ = {isa = PBXFileReference; lastKnownFileType = sourcecode.swift; path = SignUpViewModel.swift; sourceTree = "<group>"; };
		15DCBEEA2ACE4798001682DF /* SignUpResponseModel.swift */ = {isa = PBXFileReference; lastKnownFileType = sourcecode.swift; path = SignUpResponseModel.swift; sourceTree = "<group>"; };
/* End PBXFileReference section */

/* Begin PBXFrameworksBuildPhase section */
		15DCBE912ACE0D01001682DF /* Frameworks */ = {
			isa = PBXFrameworksBuildPhase;
			buildActionMask = 2147483647;
			files = (
			);
			runOnlyForDeploymentPostprocessing = 0;
		};
/* End PBXFrameworksBuildPhase section */

/* Begin PBXGroup section */
		1503187F2ACF136F007A9F1A /* Scat Upload Success */ = {
			isa = PBXGroup;
			children = (
				150318802ACF138F007A9F1A /* ScatUploadSuccessViewController.swift */,
			);
			path = "Scat Upload Success";
			sourceTree = "<group>";
		};
		1556E5512AD23C8B003D0CE2 /* Common */ = {
			isa = PBXGroup;
			children = (
				1556E5522AD23CA1003D0CE2 /* LocationManager.swift */,
				1556E5542AD24614003D0CE2 /* UIButton + Extension.swift */,
			);
			path = Common;
			sourceTree = "<group>";
		};
		158FD9342ADDA9D30011492A /* Protocol */ = {
			isa = PBXGroup;
			children = (
				158FD9352ADDA9EB0011492A /* ProtocolViewController.swift */,
				158FD9372ADDAA410011492A /* ProtocolTableViewCell.swift */,
				158FD9382ADDAA410011492A /* ProtocolTableViewCell.xib */,
			);
			path = Protocol;
			sourceTree = "<group>";
		};
		15BD85862AD474F800324D56 /* OTP Verification */ = {
			isa = PBXGroup;
			children = (
				15BD85892AD4800100324D56 /* Model */,
				15BD858A2AD4802500324D56 /* ViewModel */,
				15BD85872AD4751600324D56 /* VerifyOTPViewController.swift */,
			);
			path = "OTP Verification";
			sourceTree = "<group>";
		};
		15BD85892AD4800100324D56 /* Model */ = {
			isa = PBXGroup;
			children = (
				15BD858D2AD480BC00324D56 /* VerifyOtpResponseModel.swift */,
			);
			path = Model;
			sourceTree = "<group>";
		};
		15BD858A2AD4802500324D56 /* ViewModel */ = {
			isa = PBXGroup;
			children = (
				15BD858B2AD480A200324D56 /* VerifyOtpViewModel.swift */,
			);
			path = ViewModel;
			sourceTree = "<group>";
		};
		15DCBE8B2ACE0D01001682DF = {
			isa = PBXGroup;
			children = (
				15DCBE962ACE0D01001682DF /* Scatt Koala */,
				15DCBE952ACE0D01001682DF /* Products */,
			);
			sourceTree = "<group>";
		};
		15DCBE952ACE0D01001682DF /* Products */ = {
			isa = PBXGroup;
			children = (
				15DCBE942ACE0D01001682DF /* Scatt Koala.app */,
			);
			name = Products;
			sourceTree = "<group>";
		};
		15DCBE962ACE0D01001682DF /* Scatt Koala */ = {
			isa = PBXGroup;
			children = (
				158FD93B2ADDAF120011492A /* Constants.swift */,
				158FD9342ADDA9D30011492A /* Protocol */,
				15BD85862AD474F800324D56 /* OTP Verification */,
				1556E5512AD23C8B003D0CE2 /* Common */,
				1503187F2ACF136F007A9F1A /* Scat Upload Success */,
				15DCBED32ACE32CD001682DF /* Extensions */,
				15DCBECA2ACE1FEA001682DF /* Api Manager */,
				15DCBEC52ACE1D70001682DF /* Information */,
				15DCBEBD2ACE1BE9001682DF /* HomeView */,
				15DCBEB92ACE17EC001682DF /* UploadScattDetails */,
				15DCBEB52ACE1449001682DF /* UploadKoalaSight */,
				15DCBEE22ACE432D001682DF /* Sign Up */,
				15DCBEAC2ACE0EE3001682DF /* Sign In */,
				15DCBEAB2ACE0ECF001682DF /* AppDelegate */,
				15DCBEAD2ACE0F15001682DF /* Main.storyboard */,
				15DCBEA22ACE0D03001682DF /* LaunchScreen.storyboard */,
				15DCBEB12ACE138A001682DF /* Assets.xcassets */,
				15DCBEA52ACE0D03001682DF /* Info.plist */,
			);
			path = "Scatt Koala";
			sourceTree = "<group>";
		};
		15DCBEAB2ACE0ECF001682DF /* AppDelegate */ = {
			isa = PBXGroup;
			children = (
				15DCBE972ACE0D01001682DF /* AppDelegate.swift */,
				15DCBE992ACE0D01001682DF /* SceneDelegate.swift */,
			);
			path = AppDelegate;
			sourceTree = "<group>";
		};
		15DCBEAC2ACE0EE3001682DF /* Sign In */ = {
			isa = PBXGroup;
			children = (
				15DCBECD2ACE21E2001682DF /* Model */,
				15DCBED02ACE2C64001682DF /* View Model */,
				15DCBEC92ACE1E48001682DF /* View */,
			);
			path = "Sign In";
			sourceTree = "<group>";
		};
		15DCBEB52ACE1449001682DF /* UploadKoalaSight */ = {
			isa = PBXGroup;
			children = (
				15DCBED72ACE3576001682DF /* Model */,
				15DCBED62ACE3569001682DF /* ViewModel */,
				15DCBEB62ACE1466001682DF /* View */,
			);
			path = UploadKoalaSight;
			sourceTree = "<group>";
		};
		15DCBEB62ACE1466001682DF /* View */ = {
			isa = PBXGroup;
			children = (
				15DCBEB72ACE1482001682DF /* UploadKoalaSightViewController.swift */,
			);
			path = View;
			sourceTree = "<group>";
		};
		15DCBEB92ACE17EC001682DF /* UploadScattDetails */ = {
			isa = PBXGroup;
			children = (
				15DCBEDC2ACE408F001682DF /* Model */,
				15DCBEDF2ACE40CA001682DF /* ViewModel */,
				15DCBEBA2ACE17FE001682DF /* View */,
			);
			path = UploadScattDetails;
			sourceTree = "<group>";
		};
		15DCBEBA2ACE17FE001682DF /* View */ = {
			isa = PBXGroup;
			children = (
				15DCBEBB2ACE1815001682DF /* UplaodScattDetailsViewController.swift */,
			);
			path = View;
			sourceTree = "<group>";
		};
		15DCBEBD2ACE1BE9001682DF /* HomeView */ = {
			isa = PBXGroup;
			children = (
				15DCBEBE2ACE1BFC001682DF /* View */,
			);
			path = HomeView;
			sourceTree = "<group>";
		};
		15DCBEBE2ACE1BFC001682DF /* View */ = {
			isa = PBXGroup;
			children = (
				15DCBEBF2ACE1C20001682DF /* HomeViewController.swift */,
				15DCBEC22ACE1CBE001682DF /* KoalaGallaryCollectionViewCell.swift */,
				15DCBEC12ACE1CBD001682DF /* KoalaGallaryCollectionViewCell.xib */,
			);
			path = View;
			sourceTree = "<group>";
		};
		15DCBEC52ACE1D70001682DF /* Information */ = {
			isa = PBXGroup;
			children = (
				15DCBEC62ACE1D7C001682DF /* View */,
			);
			path = Information;
			sourceTree = "<group>";
		};
		15DCBEC62ACE1D7C001682DF /* View */ = {
			isa = PBXGroup;
			children = (
				15DCBEC72ACE1D8E001682DF /* InfoViewController.swift */,
			);
			path = View;
			sourceTree = "<group>";
		};
		15DCBEC92ACE1E48001682DF /* View */ = {
			isa = PBXGroup;
			children = (
				15DCBEAF2ACE12D2001682DF /* SignInViewController.swift */,
			);
			path = View;
			sourceTree = "<group>";
		};
		15DCBECA2ACE1FEA001682DF /* Api Manager */ = {
			isa = PBXGroup;
			children = (
				15DCBECB2ACE2018001682DF /* ApiManager.swift */,
			);
			path = "Api Manager";
			sourceTree = "<group>";
		};
		15DCBECD2ACE21E2001682DF /* Model */ = {
			isa = PBXGroup;
			children = (
				15DCBECE2ACE21F7001682DF /* SignInResponseModel.swift */,
			);
			path = Model;
			sourceTree = "<group>";
		};
		15DCBED02ACE2C64001682DF /* View Model */ = {
			isa = PBXGroup;
			children = (
				15DCBED12ACE2C7C001682DF /* ViewModel.swift */,
			);
			path = "View Model";
			sourceTree = "<group>";
		};
		15DCBED32ACE32CD001682DF /* Extensions */ = {
			isa = PBXGroup;
			children = (
				15DCBED42ACE32DB001682DF /* File.swift */,
			);
			path = Extensions;
			sourceTree = "<group>";
		};
		15DCBED62ACE3569001682DF /* ViewModel */ = {
			isa = PBXGroup;
			children = (
				15DCBEDA2ACE35AF001682DF /* KoalaUplaodViewModel.swift */,
			);
			path = ViewModel;
			sourceTree = "<group>";
		};
		15DCBED72ACE3576001682DF /* Model */ = {
			isa = PBXGroup;
			children = (
				15DCBED82ACE3596001682DF /* KoalaResponseModel.swift */,
			);
			path = Model;
			sourceTree = "<group>";
		};
		15DCBEDC2ACE408F001682DF /* Model */ = {
			isa = PBXGroup;
			children = (
				15DCBEDD2ACE40A5001682DF /* KoalaScatResponseModel.swift */,
			);
			path = Model;
			sourceTree = "<group>";
		};
		15DCBEDF2ACE40CA001682DF /* ViewModel */ = {
			isa = PBXGroup;
			children = (
				15DCBEE02ACE40E9001682DF /* KoalaScatUploadViewModel.swift */,
			);
			path = ViewModel;
			sourceTree = "<group>";
		};
		15DCBEE22ACE432D001682DF /* Sign Up */ = {
			isa = PBXGroup;
			children = (
				15DCBEE32ACE4340001682DF /* Model */,
				15DCBEE52ACE4354001682DF /* ViewModel */,
				15DCBEE42ACE4348001682DF /* View */,
			);
			path = "Sign Up";
			sourceTree = "<group>";
		};
		15DCBEE32ACE4340001682DF /* Model */ = {
			isa = PBXGroup;
			children = (
				15DCBEEA2ACE4798001682DF /* SignUpResponseModel.swift */,
			);
			path = Model;
			sourceTree = "<group>";
		};
		15DCBEE42ACE4348001682DF /* View */ = {
			isa = PBXGroup;
			children = (
				15DCBEE62ACE4379001682DF /* SignUpViewController.swift */,
			);
			path = View;
			sourceTree = "<group>";
		};
		15DCBEE52ACE4354001682DF /* ViewModel */ = {
			isa = PBXGroup;
			children = (
				15DCBEE82ACE45EC001682DF /* SignUpViewModel.swift */,
			);
			path = ViewModel;
			sourceTree = "<group>";
		};
/* End PBXGroup section */

/* Begin PBXNativeTarget section */
		15DCBE932ACE0D01001682DF /* Scatt Koala */ = {
			isa = PBXNativeTarget;
			buildConfigurationList = 15DCBEA82ACE0D03001682DF /* Build configuration list for PBXNativeTarget "Scatt Koala" */;
			buildPhases = (
				15DCBE902ACE0D01001682DF /* Sources */,
				15DCBE912ACE0D01001682DF /* Frameworks */,
				15DCBE922ACE0D01001682DF /* Resources */,
			);
			buildRules = (
			);
			dependencies = (
			);
			name = "Scatt Koala";
			productName = "Scatt Koala";
			productReference = 15DCBE942ACE0D01001682DF /* Scatt Koala.app */;
			productType = "com.apple.product-type.application";
		};
/* End PBXNativeTarget section */

/* Begin PBXProject section */
		15DCBE8C2ACE0D01001682DF /* Project object */ = {
			isa = PBXProject;
			attributes = {
				BuildIndependentTargetsInParallel = 1;
				LastSwiftUpdateCheck = 1500;
				LastUpgradeCheck = 1500;
				TargetAttributes = {
					15DCBE932ACE0D01001682DF = {
						CreatedOnToolsVersion = 15.0;
					};
				};
			};
			buildConfigurationList = 15DCBE8F2ACE0D01001682DF /* Build configuration list for PBXProject "Scatt Koala" */;
			compatibilityVersion = "Xcode 14.0";
			developmentRegion = en;
			hasScannedForEncodings = 0;
			knownRegions = (
				en,
				Base,
			);
			mainGroup = 15DCBE8B2ACE0D01001682DF;
			productRefGroup = 15DCBE952ACE0D01001682DF /* Products */;
			projectDirPath = "";
			projectRoot = "";
			targets = (
				15DCBE932ACE0D01001682DF /* Scatt Koala */,
			);
		};
/* End PBXProject section */

/* Begin PBXResourcesBuildPhase section */
		15DCBE922ACE0D01001682DF /* Resources */ = {
			isa = PBXResourcesBuildPhase;
			buildActionMask = 2147483647;
			files = (
				15DCBEA42ACE0D03001682DF /* LaunchScreen.storyboard in Resources */,
				15DCBEB22ACE138A001682DF /* Assets.xcassets in Resources */,
				158FD93A2ADDAA410011492A /* ProtocolTableViewCell.xib in Resources */,
				15DCBEC32ACE1CBE001682DF /* KoalaGallaryCollectionViewCell.xib in Resources */,
				15DCBEAE2ACE0F15001682DF /* Main.storyboard in Resources */,
			);
			runOnlyForDeploymentPostprocessing = 0;
		};
/* End PBXResourcesBuildPhase section */

/* Begin PBXSourcesBuildPhase section */
		15DCBE902ACE0D01001682DF /* Sources */ = {
			isa = PBXSourcesBuildPhase;
			buildActionMask = 2147483647;
			files = (
				15DCBEDB2ACE35AF001682DF /* KoalaUplaodViewModel.swift in Sources */,
				15BD858E2AD480BC00324D56 /* VerifyOtpResponseModel.swift in Sources */,
				158FD9362ADDA9EB0011492A /* ProtocolViewController.swift in Sources */,
				1556E5552AD24614003D0CE2 /* UIButton + Extension.swift in Sources */,
				158FD93C2ADDAF120011492A /* Constants.swift in Sources */,
				15DCBE982ACE0D01001682DF /* AppDelegate.swift in Sources */,
				15DCBED52ACE32DB001682DF /* File.swift in Sources */,
				15DCBECC2ACE2018001682DF /* ApiManager.swift in Sources */,
				15DCBEE92ACE45EC001682DF /* SignUpViewModel.swift in Sources */,
				158FD9392ADDAA410011492A /* ProtocolTableViewCell.swift in Sources */,
				15DCBEC42ACE1CBE001682DF /* KoalaGallaryCollectionViewCell.swift in Sources */,
				15BD85882AD4751600324D56 /* VerifyOTPViewController.swift in Sources */,
				15DCBEE72ACE4379001682DF /* SignUpViewController.swift in Sources */,
				15DCBED22ACE2C7C001682DF /* ViewModel.swift in Sources */,
				15DCBE9A2ACE0D01001682DF /* SceneDelegate.swift in Sources */,
				15DCBEB82ACE1482001682DF /* UploadKoalaSightViewController.swift in Sources */,
				15DCBEBC2ACE1815001682DF /* UplaodScattDetailsViewController.swift in Sources */,
				15DCBEDE2ACE40A5001682DF /* KoalaScatResponseModel.swift in Sources */,
				150318812ACF138F007A9F1A /* ScatUploadSuccessViewController.swift in Sources */,
				15DCBED92ACE3596001682DF /* KoalaResponseModel.swift in Sources */,
				15DCBEB02ACE12D2001682DF /* SignInViewController.swift in Sources */,
				15DCBEC82ACE1D8E001682DF /* InfoViewController.swift in Sources */,
				15DCBEE12ACE40E9001682DF /* KoalaScatUploadViewModel.swift in Sources */,
				1556E5532AD23CA1003D0CE2 /* LocationManager.swift in Sources */,
				15DCBEEB2ACE4798001682DF /* SignUpResponseModel.swift in Sources */,
				15DCBECF2ACE21F7001682DF /* SignInResponseModel.swift in Sources */,
				15DCBEC02ACE1C20001682DF /* HomeViewController.swift in Sources */,
				15BD858C2AD480A200324D56 /* VerifyOtpViewModel.swift in Sources */,
			);
			runOnlyForDeploymentPostprocessing = 0;
		};
/* End PBXSourcesBuildPhase section */

/* Begin PBXVariantGroup section */
		15DCBEA22ACE0D03001682DF /* LaunchScreen.storyboard */ = {
			isa = PBXVariantGroup;
			children = (
				15DCBEA32ACE0D03001682DF /* Base */,
			);
			name = LaunchScreen.storyboard;
			sourceTree = "<group>";
		};
/* End PBXVariantGroup section */

/* Begin XCBuildConfiguration section */
		15DCBEA62ACE0D03001682DF /* Debug */ = {
			isa = XCBuildConfiguration;
			buildSettings = {
				ALWAYS_SEARCH_USER_PATHS = NO;
				ASSETCATALOG_COMPILER_GENERATE_SWIFT_ASSET_SYMBOL_EXTENSIONS = YES;
				CLANG_ANALYZER_NONNULL = YES;
				CLANG_ANALYZER_NUMBER_OBJECT_CONVERSION = YES_AGGRESSIVE;
				CLANG_CXX_LANGUAGE_STANDARD = "gnu++20";
				CLANG_ENABLE_MODULES = YES;
				CLANG_ENABLE_OBJC_ARC = YES;
				CLANG_ENABLE_OBJC_WEAK = YES;
				CLANG_WARN_BLOCK_CAPTURE_AUTORELEASING = YES;
				CLANG_WARN_BOOL_CONVERSION = YES;
				CLANG_WARN_COMMA = YES;
				CLANG_WARN_CONSTANT_CONVERSION = YES;
				CLANG_WARN_DEPRECATED_OBJC_IMPLEMENTATIONS = YES;
				CLANG_WARN_DIRECT_OBJC_ISA_USAGE = YES_ERROR;
				CLANG_WARN_DOCUMENTATION_COMMENTS = YES;
				CLANG_WARN_EMPTY_BODY = YES;
				CLANG_WARN_ENUM_CONVERSION = YES;
				CLANG_WARN_INFINITE_RECURSION = YES;
				CLANG_WARN_INT_CONVERSION = YES;
				CLANG_WARN_NON_LITERAL_NULL_CONVERSION = YES;
				CLANG_WARN_OBJC_IMPLICIT_RETAIN_SELF = YES;
				CLANG_WARN_OBJC_LITERAL_CONVERSION = YES;
				CLANG_WARN_OBJC_ROOT_CLASS = YES_ERROR;
				CLANG_WARN_QUOTED_INCLUDE_IN_FRAMEWORK_HEADER = YES;
				CLANG_WARN_RANGE_LOOP_ANALYSIS = YES;
				CLANG_WARN_STRICT_PROTOTYPES = YES;
				CLANG_WARN_SUSPICIOUS_MOVE = YES;
				CLANG_WARN_UNGUARDED_AVAILABILITY = YES_AGGRESSIVE;
				CLANG_WARN_UNREACHABLE_CODE = YES;
				CLANG_WARN__DUPLICATE_METHOD_MATCH = YES;
				COPY_PHASE_STRIP = NO;
				DEBUG_INFORMATION_FORMAT = dwarf;
				ENABLE_STRICT_OBJC_MSGSEND = YES;
				ENABLE_TESTABILITY = YES;
				ENABLE_USER_SCRIPT_SANDBOXING = YES;
				GCC_C_LANGUAGE_STANDARD = gnu17;
				GCC_DYNAMIC_NO_PIC = NO;
				GCC_NO_COMMON_BLOCKS = YES;
				GCC_OPTIMIZATION_LEVEL = 0;
				GCC_PREPROCESSOR_DEFINITIONS = (
					"DEBUG=1",
					"$(inherited)",
				);
				GCC_WARN_64_TO_32_BIT_CONVERSION = YES;
				GCC_WARN_ABOUT_RETURN_TYPE = YES_ERROR;
				GCC_WARN_UNDECLARED_SELECTOR = YES;
				GCC_WARN_UNINITIALIZED_AUTOS = YES_AGGRESSIVE;
				GCC_WARN_UNUSED_FUNCTION = YES;
				GCC_WARN_UNUSED_VARIABLE = YES;
				IPHONEOS_DEPLOYMENT_TARGET = 17.0;
				LOCALIZATION_PREFERS_STRING_CATALOGS = YES;
				MTL_ENABLE_DEBUG_INFO = INCLUDE_SOURCE;
				MTL_FAST_MATH = YES;
				ONLY_ACTIVE_ARCH = YES;
				SDKROOT = iphoneos;
				SWIFT_ACTIVE_COMPILATION_CONDITIONS = "DEBUG $(inherited)";
				SWIFT_OPTIMIZATION_LEVEL = "-Onone";
			};
			name = Debug;
		};
		15DCBEA72ACE0D03001682DF /* Release */ = {
			isa = XCBuildConfiguration;
			buildSettings = {
				ALWAYS_SEARCH_USER_PATHS = NO;
				ASSETCATALOG_COMPILER_GENERATE_SWIFT_ASSET_SYMBOL_EXTENSIONS = YES;
				CLANG_ANALYZER_NONNULL = YES;
				CLANG_ANALYZER_NUMBER_OBJECT_CONVERSION = YES_AGGRESSIVE;
				CLANG_CXX_LANGUAGE_STANDARD = "gnu++20";
				CLANG_ENABLE_MODULES = YES;
				CLANG_ENABLE_OBJC_ARC = YES;
				CLANG_ENABLE_OBJC_WEAK = YES;
				CLANG_WARN_BLOCK_CAPTURE_AUTORELEASING = YES;
				CLANG_WARN_BOOL_CONVERSION = YES;
				CLANG_WARN_COMMA = YES;
				CLANG_WARN_CONSTANT_CONVERSION = YES;
				CLANG_WARN_DEPRECATED_OBJC_IMPLEMENTATIONS = YES;
				CLANG_WARN_DIRECT_OBJC_ISA_USAGE = YES_ERROR;
				CLANG_WARN_DOCUMENTATION_COMMENTS = YES;
				CLANG_WARN_EMPTY_BODY = YES;
				CLANG_WARN_ENUM_CONVERSION = YES;
				CLANG_WARN_INFINITE_RECURSION = YES;
				CLANG_WARN_INT_CONVERSION = YES;
				CLANG_WARN_NON_LITERAL_NULL_CONVERSION = YES;
				CLANG_WARN_OBJC_IMPLICIT_RETAIN_SELF = YES;
				CLANG_WARN_OBJC_LITERAL_CONVERSION = YES;
				CLANG_WARN_OBJC_ROOT_CLASS = YES_ERROR;
				CLANG_WARN_QUOTED_INCLUDE_IN_FRAMEWORK_HEADER = YES;
				CLANG_WARN_RANGE_LOOP_ANALYSIS = YES;
				CLANG_WARN_STRICT_PROTOTYPES = YES;
				CLANG_WARN_SUSPICIOUS_MOVE = YES;
				CLANG_WARN_UNGUARDED_AVAILABILITY = YES_AGGRESSIVE;
				CLANG_WARN_UNREACHABLE_CODE = YES;
				CLANG_WARN__DUPLICATE_METHOD_MATCH = YES;
				COPY_PHASE_STRIP = NO;
				DEBUG_INFORMATION_FORMAT = "dwarf-with-dsym";
				ENABLE_NS_ASSERTIONS = NO;
				ENABLE_STRICT_OBJC_MSGSEND = YES;
				ENABLE_USER_SCRIPT_SANDBOXING = YES;
				GCC_C_LANGUAGE_STANDARD = gnu17;
				GCC_NO_COMMON_BLOCKS = YES;
				GCC_WARN_64_TO_32_BIT_CONVERSION = YES;
				GCC_WARN_ABOUT_RETURN_TYPE = YES_ERROR;
				GCC_WARN_UNDECLARED_SELECTOR = YES;
				GCC_WARN_UNINITIALIZED_AUTOS = YES_AGGRESSIVE;
				GCC_WARN_UNUSED_FUNCTION = YES;
				GCC_WARN_UNUSED_VARIABLE = YES;
				IPHONEOS_DEPLOYMENT_TARGET = 17.0;
				LOCALIZATION_PREFERS_STRING_CATALOGS = YES;
				MTL_ENABLE_DEBUG_INFO = NO;
				MTL_FAST_MATH = YES;
				SDKROOT = iphoneos;
				SWIFT_COMPILATION_MODE = wholemodule;
				VALIDATE_PRODUCT = YES;
			};
			name = Release;
		};
		15DCBEA92ACE0D03001682DF /* Debug */ = {
			isa = XCBuildConfiguration;
			buildSettings = {
				ASSETCATALOG_COMPILER_APPICON_NAME = AppIcon;
				ASSETCATALOG_COMPILER_GLOBAL_ACCENT_COLOR_NAME = AccentColor;
				CODE_SIGN_STYLE = Automatic;
				CURRENT_PROJECT_VERSION = 6;
				DEVELOPMENT_TEAM = 5495D924VD;
				GENERATE_INFOPLIST_FILE = YES;
				INFOPLIST_FILE = "Scatt Koala/Info.plist";
				INFOPLIST_KEY_UIApplicationSupportsIndirectInputEvents = YES;
				INFOPLIST_KEY_UILaunchStoryboardName = LaunchScreen;
				INFOPLIST_KEY_UIMainStoryboardFile = Main;
				INFOPLIST_KEY_UISupportedInterfaceOrientations_iPad = "UIInterfaceOrientationPortrait UIInterfaceOrientationPortraitUpsideDown UIInterfaceOrientationLandscapeLeft UIInterfaceOrientationLandscapeRight";
				INFOPLIST_KEY_UISupportedInterfaceOrientations_iPhone = "UIInterfaceOrientationPortrait UIInterfaceOrientationLandscapeLeft UIInterfaceOrientationLandscapeRight";
				IPHONEOS_DEPLOYMENT_TARGET = 15.0;
				LD_RUNPATH_SEARCH_PATHS = (
					"$(inherited)",
					"@executable_path/Frameworks",
				);
				MARKETING_VERSION = 1.0;
				PRODUCT_BUNDLE_IDENTIFIER = "albish.com.Scatt-Koala";
				PRODUCT_NAME = "$(TARGET_NAME)";
				SWIFT_EMIT_LOC_STRINGS = YES;
				SWIFT_VERSION = 5.0;
				TARGETED_DEVICE_FAMILY = "1,2";
			};
			name = Debug;
		};
		15DCBEAA2ACE0D03001682DF /* Release */ = {
			isa = XCBuildConfiguration;
			buildSettings = {
				ASSETCATALOG_COMPILER_APPICON_NAME = AppIcon;
				ASSETCATALOG_COMPILER_GLOBAL_ACCENT_COLOR_NAME = AccentColor;
				CODE_SIGN_STYLE = Automatic;
				CURRENT_PROJECT_VERSION = 6;
				DEVELOPMENT_TEAM = 5495D924VD;
				GENERATE_INFOPLIST_FILE = YES;
				INFOPLIST_FILE = "Scatt Koala/Info.plist";
				INFOPLIST_KEY_UIApplicationSupportsIndirectInputEvents = YES;
				INFOPLIST_KEY_UILaunchStoryboardName = LaunchScreen;
				INFOPLIST_KEY_UIMainStoryboardFile = Main;
				INFOPLIST_KEY_UISupportedInterfaceOrientations_iPad = "UIInterfaceOrientationPortrait UIInterfaceOrientationPortraitUpsideDown UIInterfaceOrientationLandscapeLeft UIInterfaceOrientationLandscapeRight";
				INFOPLIST_KEY_UISupportedInterfaceOrientations_iPhone = "UIInterfaceOrientationPortrait UIInterfaceOrientationLandscapeLeft UIInterfaceOrientationLandscapeRight";
				IPHONEOS_DEPLOYMENT_TARGET = 15.0;
				LD_RUNPATH_SEARCH_PATHS = (
					"$(inherited)",
					"@executable_path/Frameworks",
				);
				MARKETING_VERSION = 1.0;
				PRODUCT_BUNDLE_IDENTIFIER = "albish.com.Scatt-Koala";
				PRODUCT_NAME = "$(TARGET_NAME)";
				SWIFT_EMIT_LOC_STRINGS = YES;
				SWIFT_VERSION = 5.0;
				TARGETED_DEVICE_FAMILY = "1,2";
			};
			name = Release;
		};
/* End XCBuildConfiguration section */

/* Begin XCConfigurationList section */
		15DCBE8F2ACE0D01001682DF /* Build configuration list for PBXProject "Scatt Koala" */ = {
			isa = XCConfigurationList;
			buildConfigurations = (
				15DCBEA62ACE0D03001682DF /* Debug */,
				15DCBEA72ACE0D03001682DF /* Release */,
			);
			defaultConfigurationIsVisible = 0;
			defaultConfigurationName = Release;
		};
		15DCBEA82ACE0D03001682DF /* Build configuration list for PBXNativeTarget "Scatt Koala" */ = {
			isa = XCConfigurationList;
			buildConfigurations = (
				15DCBEA92ACE0D03001682DF /* Debug */,
				15DCBEAA2ACE0D03001682DF /* Release */,
			);
			defaultConfigurationIsVisible = 0;
			defaultConfigurationName = Release;
		};
/* End XCConfigurationList section */
	};
	rootObject = 15DCBE8C2ACE0D01001682DF /* Project object */;
}
